
Microsoft Visual Studio Solution File, Format Version 12.00
# Visual Studio Version 16
VisualStudioVersion = 16.0.29102.190
MinimumVisualStudioVersion = 10.0.40219.1
Project("{FAE04EC0-301F-11D3-BF4B-00C04F79EFBC}") = "PolymorphismApp", "PolymorphismApp\PolymorphismApp.csproj", "{BAFD89BE-4C7B-4852-A7FF-BFC3371A1101}"
EndProject
Global
	GlobalSection(SolutionConfigurationPlatforms) = preSolution
		Debug|Any CPU = Debug|Any CPU
		Release|Any CPU = Release|Any CPU
	EndGlobalSection
	GlobalSection(ProjectConfigurationPlatforms) = postSolution
		{BAFD89BE-4C7B-4852-A7FF-BFC3371A1101}.Debug|Any CPU.ActiveCfg = Debug|Any CPU
		{BAFD89BE-4C7B-4852-A7FF-BFC3371A1101}.Debug|Any CPU.Build.0 = Debug|Any CPU
		{BAFD89BE-4C7B-4852-A7FF-BFC3371A1101}.Release|Any CPU.ActiveCfg = Release|Any CPU
		{BAFD89BE-4C7B-4852-A7FF-BFC3371A1101}.Release|Any CPU.Build.0 = Release|Any CPU
	EndGlobalSection
	GlobalSection(SolutionProperties) = preSolution
		HideSolutionNode = FALSE
	EndGlobalSection
	GlobalSection(ExtensibilityGlobals) = postSolution
		SolutionGuid = {0B935696-FD03-4AB5-BC5F-58E0C8E474F7}
	EndGlobalSection
EndGlobal
